
Microsoft Visual Studio Solution File, Format Version 12.00
# Visual Studio Version 16
VisualStudioVersion = 16.0.30105.148
MinimumVisualStudioVersion = 10.0.40219.1
Project("{FAE04EC0-301F-11D3-BF4B-00C04F79EFBC}") = "CourierApp", "CourierApp\CourierApp.csproj", "{EB24572F-B4E6-4199-97E6-32C7DD011121}"
EndProject
Project("{FAE04EC0-301F-11D3-BF4B-00C04F79EFBC}") = "CourierApp.Tests", "CourierApp.Tests\CourierApp.Tests.csproj", "{E45EE169-D3A1-48C1-A449-945CCAD4D89C}"
EndProject
Global
	GlobalSection(SolutionConfigurationPlatforms) = preSolution
		Debug|Any CPU = Debug|Any CPU
		Release|Any CPU = Release|Any CPU
	EndGlobalSection
	GlobalSection(ProjectConfigurationPlatforms) = postSolution
		{EB24572F-B4E6-4199-97E6-32C7DD011121}.Debug|Any CPU.ActiveCfg = Debug|Any CPU
		{EB24572F-B4E6-4199-97E6-32C7DD011121}.Debug|Any CPU.Build.0 = Debug|Any CPU
		{EB24572F-B4E6-4199-97E6-32C7DD011121}.Release|Any CPU.ActiveCfg = Release|Any CPU
		{EB24572F-B4E6-4199-97E6-32C7DD011121}.Release|Any CPU.Build.0 = Release|Any CPU
		{E45EE169-D3A1-48C1-A449-945CCAD4D89C}.Debug|Any CPU.ActiveCfg = Debug|Any CPU
		{E45EE169-D3A1-48C1-A449-945CCAD4D89C}.Debug|Any CPU.Build.0 = Debug|Any CPU
		{E45EE169-D3A1-48C1-A449-945CCAD4D89C}.Release|Any CPU.ActiveCfg = Release|Any CPU
		{E45EE169-D3A1-48C1-A449-945CCAD4D89C}.Release|Any CPU.Build.0 = Release|Any CPU
	EndGlobalSection
	GlobalSection(SolutionProperties) = preSolution
		HideSolutionNode = FALSE
	EndGlobalSection
	GlobalSection(ExtensibilityGlobals) = postSolution
		SolutionGuid = {AA325B0C-CB40-411D-91C9-AA5CA84DD6D0}
	EndGlobalSection
EndGlobal
